
Microsoft Visual Studio Solution File, Format Version 12.00
# Visual Studio Version 16
VisualStudioVersion = 16.0.28803.202
MinimumVisualStudioVersion = 10.0.40219.1
Project("{FAE04EC0-301F-11D3-BF4B-00C04F79EFBC}") = "ParallelAndBenchmarkDotNet", "ParallelAndBenchmarkDotNet\ParallelAndBenchmarkDotNet.csproj", "{308B3AA4-5BB0-4650-808F-08561203FA7A}"
EndProject
Global
	GlobalSection(SolutionConfigurationPlatforms) = preSolution
		Debug|Any CPU = Debug|Any CPU
		Release|Any CPU = Release|Any CPU
	EndGlobalSection
	GlobalSection(ProjectConfigurationPlatforms) = postSolution
		{308B3AA4-5BB0-4650-808F-08561203FA7A}.Debug|Any CPU.ActiveCfg = Debug|Any CPU
		{308B3AA4-5BB0-4650-808F-08561203FA7A}.Debug|Any CPU.Build.0 = Debug|Any CPU
		{308B3AA4-5BB0-4650-808F-08561203FA7A}.Release|Any CPU.ActiveCfg = Release|Any CPU
		{308B3AA4-5BB0-4650-808F-08561203FA7A}.Release|Any CPU.Build.0 = Release|Any CPU
	EndGlobalSection
	GlobalSection(SolutionProperties) = preSolution
		HideSolutionNode = FALSE
	EndGlobalSection
	GlobalSection(ExtensibilityGlobals) = postSolution
		SolutionGuid = {FE91216D-CCF0-4E05-B668-14E4207F8676}
	EndGlobalSection
EndGlobal
